{
  "name": "si-coder-agent",
  "version": "0.9.2",
  "lockfileVersion": 3,
  "requires": true,
  "packages": {
    "": {
      "name": "si-coder-agent",
      "version": "0.9.2",
      "license": "MIT",
      "bin": {
        "sc": "bin/sc.js",
        "si-coder-onboard": "bin/onboard.js"
      },
      "engines": {
        "node": ">=22"
      }
    }
  }
}
