{
  "name": "si-coder-agent",
  "version": "0.9.3",
  "lockfileVersion": 3,
  "requires": true,
  "packages": {
    "": {
      "name": "si-coder-agent",
      "version": "0.9.3",
      "license": "MIT",
      "bin": {
        "sc": "bin/sc.js",
        "si-coder-onboard": "bin/onboard.js"
      },
      "engines": {
        "node": "^22.0.0 || ^24.0.0 || ^26.0.0"
      }
    }
  }
}
